// !$*UTF8*$!
{
	archiveVersion = 1;
	classes = {
	};
	objectVersion = 55;
	objects = {

/* Begin PBXBuildFile section */
		380B8699280BE84F001F7E0A /* ListEventsViewController.swift in Sources */ = {isa = PBXBuildFile; fileRef = 380B8698280BE84F001F7E0A /* ListEventsViewController.swift */; };
		380B869B280BEB46001F7E0A /* ListEventCellTableViewCell.swift in Sources */ = {isa = PBXBuildFile; fileRef = 380B869A280BEB46001F7E0A /* ListEventCellTableViewCell.swift */; };
		3842C5072806122C00B40F71 /* AppDelegate.swift in Sources */ = {isa = PBXBuildFile; fileRef = 3842C5062806122C00B40F71 /* AppDelegate.swift */; };
		3842C5092806122C00B40F71 /* SceneDelegate.swift in Sources */ = {isa = PBXBuildFile; fileRef = 3842C5082806122C00B40F71 /* SceneDelegate.swift */; };
		3842C50B2806122C00B40F71 /* SignUpViewController.swift in Sources */ = {isa = PBXBuildFile; fileRef = 3842C50A2806122C00B40F71 /* SignUpViewController.swift */; };
		3842C50E2806122C00B40F71 /* Main.storyboard in Resources */ = {isa = PBXBuildFile; fileRef = 3842C50C2806122C00B40F71 /* Main.storyboard */; };
		3842C5102806122F00B40F71 /* Assets.xcassets in Resources */ = {isa = PBXBuildFile; fileRef = 3842C50F2806122F00B40F71 /* Assets.xcassets */; };
		3842C5132806122F00B40F71 /* LaunchScreen.storyboard in Resources */ = {isa = PBXBuildFile; fileRef = 3842C5112806122F00B40F71 /* LaunchScreen.storyboard */; };
		385DB730280BD4FB005C19BF /* ProfileViewController.swift in Sources */ = {isa = PBXBuildFile; fileRef = 385DB72F280BD4FB005C19BF /* ProfileViewController.swift */; };
		38783137280AABF900D6753E /* LogInViewController.swift in Sources */ = {isa = PBXBuildFile; fileRef = 38783136280AABF900D6753E /* LogInViewController.swift */; };
		38783139280AB76900D6753E /* RootViewController.swift in Sources */ = {isa = PBXBuildFile; fileRef = 38783138280AB76900D6753E /* RootViewController.swift */; };
		3878313B280AB80800D6753E /* GoogleService-Info.plist in Resources */ = {isa = PBXBuildFile; fileRef = 3878313A280AB80800D6753E /* GoogleService-Info.plist */; };
		38783144280ABC7F00D6753E /* MapViewController.swift in Sources */ = {isa = PBXBuildFile; fileRef = 38783143280ABC7F00D6753E /* MapViewController.swift */; };
		3878314A280ACC4B00D6753E /* FirebaseAuth in Frameworks */ = {isa = PBXBuildFile; productRef = 38783149280ACC4B00D6753E /* FirebaseAuth */; };
		3878314C280ACC4B00D6753E /* FirebaseDatabase in Frameworks */ = {isa = PBXBuildFile; productRef = 3878314B280ACC4B00D6753E /* FirebaseDatabase */; };
		3878314E280ACC4B00D6753E /* FirebaseFirestore in Frameworks */ = {isa = PBXBuildFile; productRef = 3878314D280ACC4B00D6753E /* FirebaseFirestore */; };
		38783150280ACC4B00D6753E /* FirebaseStorage in Frameworks */ = {isa = PBXBuildFile; productRef = 3878314F280ACC4B00D6753E /* FirebaseStorage */; };
		38783152280AD85000D6753E /* MapPoint.swift in Sources */ = {isa = PBXBuildFile; fileRef = 38783151280AD85000D6753E /* MapPoint.swift */; };
		38783154280AE6BB00D6753E /* AddEventViewController.swift in Sources */ = {isa = PBXBuildFile; fileRef = 38783153280AE6BB00D6753E /* AddEventViewController.swift */; };
		38783157280AE94C00D6753E /* LocationPicker in Frameworks */ = {isa = PBXBuildFile; productRef = 38783156280AE94C00D6753E /* LocationPicker */; };
/* End PBXBuildFile section */

/* Begin PBXFileReference section */
		380B8698280BE84F001F7E0A /* ListEventsViewController.swift */ = {isa = PBXFileReference; lastKnownFileType = sourcecode.swift; path = ListEventsViewController.swift; sourceTree = "<group>"; };
		380B869A280BEB46001F7E0A /* ListEventCellTableViewCell.swift */ = {isa = PBXFileReference; lastKnownFileType = sourcecode.swift; path = ListEventCellTableViewCell.swift; sourceTree = "<group>"; };
		3842C5032806122C00B40F71 /* INFO6125-Project2.app */ = {isa = PBXFileReference; explicitFileType = wrapper.application; includeInIndex = 0; path = "INFO6125-Project2.app"; sourceTree = BUILT_PRODUCTS_DIR; };
		3842C5062806122C00B40F71 /* AppDelegate.swift */ = {isa = PBXFileReference; lastKnownFileType = sourcecode.swift; path = AppDelegate.swift; sourceTree = "<group>"; };
		3842C5082806122C00B40F71 /* SceneDelegate.swift */ = {isa = PBXFileReference; lastKnownFileType = sourcecode.swift; path = SceneDelegate.swift; sourceTree = "<group>"; };
		3842C50A2806122C00B40F71 /* SignUpViewController.swift */ = {isa = PBXFileReference; lastKnownFileType = sourcecode.swift; path = SignUpViewController.swift; sourceTree = "<group>"; };
		3842C50D2806122C00B40F71 /* Base */ = {isa = PBXFileReference; lastKnownFileType = file.storyboard; name = Base; path = Base.lproj/Main.storyboard; sourceTree = "<group>"; };
		3842C50F2806122F00B40F71 /* Assets.xcassets */ = {isa = PBXFileReference; lastKnownFileType = folder.assetcatalog; path = Assets.xcassets; sourceTree = "<group>"; };
		3842C5122806122F00B40F71 /* Base */ = {isa = PBXFileReference; lastKnownFileType = file.storyboard; name = Base; path = Base.lproj/LaunchScreen.storyboard; sourceTree = "<group>"; };
		3842C5142806122F00B40F71 /* Info.plist */ = {isa = PBXFileReference; lastKnownFileType = text.plist.xml; path = Info.plist; sourceTree = "<group>"; };
		385DB72F280BD4FB005C19BF /* ProfileViewController.swift */ = {isa = PBXFileReference; lastKnownFileType = sourcecode.swift; path = ProfileViewController.swift; sourceTree = "<group>"; };
		38783136280AABF900D6753E /* LogInViewController.swift */ = {isa = PBXFileReference; lastKnownFileType = sourcecode.swift; path = LogInViewController.swift; sourceTree = "<group>"; };
		38783138280AB76900D6753E /* RootViewController.swift */ = {isa = PBXFileReference; lastKnownFileType = sourcecode.swift; path = RootViewController.swift; sourceTree = "<group>"; };
		3878313A280AB80800D6753E /* GoogleService-Info.plist */ = {isa = PBXFileReference; fileEncoding = 4; lastKnownFileType = text.plist.xml; path = "GoogleService-Info.plist"; sourceTree = "<group>"; };
		38783143280ABC7F00D6753E /* MapViewController.swift */ = {isa = PBXFileReference; lastKnownFileType = sourcecode.swift; path = MapViewController.swift; sourceTree = "<group>"; };
		38783151280AD85000D6753E /* MapPoint.swift */ = {isa = PBXFileReference; lastKnownFileType = sourcecode.swift; path = MapPoint.swift; sourceTree = "<group>"; };
		38783153280AE6BB00D6753E /* AddEventViewController.swift */ = {isa = PBXFileReference; lastKnownFileType = sourcecode.swift; path = AddEventViewController.swift; sourceTree = "<group>"; };
/* End PBXFileReference section */

/* Begin PBXFrameworksBuildPhase section */
		3842C5002806122C00B40F71 /* Frameworks */ = {
			isa = PBXFrameworksBuildPhase;
			buildActionMask = 2147483647;
			files = (
				3878314C280ACC4B00D6753E /* FirebaseDatabase in Frameworks */,
				38783150280ACC4B00D6753E /* FirebaseStorage in Frameworks */,
				38783157280AE94C00D6753E /* LocationPicker in Frameworks */,
				3878314A280ACC4B00D6753E /* FirebaseAuth in Frameworks */,
				3878314E280ACC4B00D6753E /* FirebaseFirestore in Frameworks */,
			);
			runOnlyForDeploymentPostprocessing = 0;
		};
/* End PBXFrameworksBuildPhase section */

/* Begin PBXGroup section */
		3842C4FA2806122B00B40F71 = {
			isa = PBXGroup;
			children = (
				3842C5052806122C00B40F71 /* INFO6125-Project2 */,
				3842C5042806122C00B40F71 /* Products */,
			);
			sourceTree = "<group>";
		};
		3842C5042806122C00B40F71 /* Products */ = {
			isa = PBXGroup;
			children = (
				3842C5032806122C00B40F71 /* INFO6125-Project2.app */,
			);
			name = Products;
			sourceTree = "<group>";
		};
		3842C5052806122C00B40F71 /* INFO6125-Project2 */ = {
			isa = PBXGroup;
			children = (
				3878313A280AB80800D6753E /* GoogleService-Info.plist */,
				3842C5062806122C00B40F71 /* AppDelegate.swift */,
				3842C5082806122C00B40F71 /* SceneDelegate.swift */,
				3842C50A2806122C00B40F71 /* SignUpViewController.swift */,
				3842C50C2806122C00B40F71 /* Main.storyboard */,
				380B869A280BEB46001F7E0A /* ListEventCellTableViewCell.swift */,
				380B8698280BE84F001F7E0A /* ListEventsViewController.swift */,
				385DB72F280BD4FB005C19BF /* ProfileViewController.swift */,
				38783153280AE6BB00D6753E /* AddEventViewController.swift */,
				38783143280ABC7F00D6753E /* MapViewController.swift */,
				38783138280AB76900D6753E /* RootViewController.swift */,
				38783136280AABF900D6753E /* LogInViewController.swift */,
				3842C50F2806122F00B40F71 /* Assets.xcassets */,
				3842C5112806122F00B40F71 /* LaunchScreen.storyboard */,
				3842C5142806122F00B40F71 /* Info.plist */,
				38783151280AD85000D6753E /* MapPoint.swift */,
			);
			path = "INFO6125-Project2";
			sourceTree = "<group>";
		};
/* End PBXGroup section */

/* Begin PBXNativeTarget section */
		3842C5022806122C00B40F71 /* INFO6125-Project2 */ = {
			isa = PBXNativeTarget;
			buildConfigurationList = 3842C5172806122F00B40F71 /* Build configuration list for PBXNativeTarget "INFO6125-Project2" */;
			buildPhases = (
				3842C4FF2806122C00B40F71 /* Sources */,
				3842C5002806122C00B40F71 /* Frameworks */,
				3842C5012806122C00B40F71 /* Resources */,
			);
			buildRules = (
			);
			dependencies = (
			);
			name = "INFO6125-Project2";
			packageProductDependencies = (
				38783149280ACC4B00D6753E /* FirebaseAuth */,
				3878314B280ACC4B00D6753E /* FirebaseDatabase */,
				3878314D280ACC4B00D6753E /* FirebaseFirestore */,
				3878314F280ACC4B00D6753E /* FirebaseStorage */,
				38783156280AE94C00D6753E /* LocationPicker */,
			);
			productName = "INFO6125-Project2";
			productReference = 3842C5032806122C00B40F71 /* INFO6125-Project2.app */;
			productType = "com.apple.product-type.application";
		};
/* End PBXNativeTarget section */

/* Begin PBXProject section */
		3842C4FB2806122B00B40F71 /* Project object */ = {
			isa = PBXProject;
			attributes = {
				BuildIndependentTargetsInParallel = 1;
				LastSwiftUpdateCheck = 1330;
				LastUpgradeCheck = 1330;
				TargetAttributes = {
					3842C5022806122C00B40F71 = {
						CreatedOnToolsVersion = 13.3;
					};
				};
			};
			buildConfigurationList = 3842C4FE2806122B00B40F71 /* Build configuration list for PBXProject "INFO6125-Project2" */;
			compatibilityVersion = "Xcode 13.0";
			developmentRegion = en;
			hasScannedForEncodings = 0;
			knownRegions = (
				en,
				Base,
			);
			mainGroup = 3842C4FA2806122B00B40F71;
			packageReferences = (
				38783148280ACC4B00D6753E /* XCRemoteSwiftPackageReference "firebase-ios-sdk" */,
				38783155280AE94C00D6753E /* XCRemoteSwiftPackageReference "LocationPicker" */,
			);
			productRefGroup = 3842C5042806122C00B40F71 /* Products */;
			projectDirPath = "";
			projectRoot = "";
			targets = (
				3842C5022806122C00B40F71 /* INFO6125-Project2 */,
			);
		};
/* End PBXProject section */

/* Begin PBXResourcesBuildPhase section */
		3842C5012806122C00B40F71 /* Resources */ = {
			isa = PBXResourcesBuildPhase;
			buildActionMask = 2147483647;
			files = (
				3842C5132806122F00B40F71 /* LaunchScreen.storyboard in Resources */,
				3878313B280AB80800D6753E /* GoogleService-Info.plist in Resources */,
				3842C5102806122F00B40F71 /* Assets.xcassets in Resources */,
				3842C50E2806122C00B40F71 /* Main.storyboard in Resources */,
			);
			runOnlyForDeploymentPostprocessing = 0;
		};
/* End PBXResourcesBuildPhase section */

/* Begin PBXSourcesBuildPhase section */
		3842C4FF2806122C00B40F71 /* Sources */ = {
			isa = PBXSourcesBuildPhase;
			buildActionMask = 2147483647;
			files = (
				38783139280AB76900D6753E /* RootViewController.swift in Sources */,
				38783154280AE6BB00D6753E /* AddEventViewController.swift in Sources */,
				38783152280AD85000D6753E /* MapPoint.swift in Sources */,
				38783144280ABC7F00D6753E /* MapViewController.swift in Sources */,
				38783137280AABF900D6753E /* LogInViewController.swift in Sources */,
				380B8699280BE84F001F7E0A /* ListEventsViewController.swift in Sources */,
				3842C50B2806122C00B40F71 /* SignUpViewController.swift in Sources */,
				385DB730280BD4FB005C19BF /* ProfileViewController.swift in Sources */,
				380B869B280BEB46001F7E0A /* ListEventCellTableViewCell.swift in Sources */,
				3842C5072806122C00B40F71 /* AppDelegate.swift in Sources */,
				3842C5092806122C00B40F71 /* SceneDelegate.swift in Sources */,
			);
			runOnlyForDeploymentPostprocessing = 0;
		};
/* End PBXSourcesBuildPhase section */

/* Begin PBXVariantGroup section */
		3842C50C2806122C00B40F71 /* Main.storyboard */ = {
			isa = PBXVariantGroup;
			children = (
				3842C50D2806122C00B40F71 /* Base */,
			);
			name = Main.storyboard;
			sourceTree = "<group>";
		};
		3842C5112806122F00B40F71 /* LaunchScreen.storyboard */ = {
			isa = PBXVariantGroup;
			children = (
				3842C5122806122F00B40F71 /* Base */,
			);
			name = LaunchScreen.storyboard;
			sourceTree = "<group>";
		};
/* End PBXVariantGroup section */

/* Begin XCBuildConfiguration section */
		3842C5152806122F00B40F71 /* Debug */ = {
			isa = XCBuildConfiguration;
			buildSettings = {
				ALWAYS_SEARCH_USER_PATHS = NO;
				CLANG_ANALYZER_NONNULL = YES;
				CLANG_ANALYZER_NUMBER_OBJECT_CONVERSION = YES_AGGRESSIVE;
				CLANG_CXX_LANGUAGE_STANDARD = "gnu++17";
				CLANG_ENABLE_MODULES = YES;
				CLANG_ENABLE_OBJC_ARC = YES;
				CLANG_ENABLE_OBJC_WEAK = YES;
				CLANG_WARN_BLOCK_CAPTURE_AUTORELEASING = YES;
				CLANG_WARN_BOOL_CONVERSION = YES;
				CLANG_WARN_COMMA = YES;
				CLANG_WARN_CONSTANT_CONVERSION = YES;
				CLANG_WARN_DEPRECATED_OBJC_IMPLEMENTATIONS = YES;
				CLANG_WARN_DIRECT_OBJC_ISA_USAGE = YES_ERROR;
				CLANG_WARN_DOCUMENTATION_COMMENTS = YES;
				CLANG_WARN_EMPTY_BODY = YES;
				CLANG_WARN_ENUM_CONVERSION = YES;
				CLANG_WARN_INFINITE_RECURSION = YES;
				CLANG_WARN_INT_CONVERSION = YES;
				CLANG_WARN_NON_LITERAL_NULL_CONVERSION = YES;
				CLANG_WARN_OBJC_IMPLICIT_RETAIN_SELF = YES;
				CLANG_WARN_OBJC_LITERAL_CONVERSION = YES;
				CLANG_WARN_OBJC_ROOT_CLASS = YES_ERROR;
				CLANG_WARN_QUOTED_INCLUDE_IN_FRAMEWORK_HEADER = YES;
				CLANG_WARN_RANGE_LOOP_ANALYSIS = YES;
				CLANG_WARN_STRICT_PROTOTYPES = YES;
				CLANG_WARN_SUSPICIOUS_MOVE = YES;
				CLANG_WARN_UNGUARDED_AVAILABILITY = YES_AGGRESSIVE;
				CLANG_WARN_UNREACHABLE_CODE = YES;
				CLANG_WARN__DUPLICATE_METHOD_MATCH = YES;
				COPY_PHASE_STRIP = NO;
				DEBUG_INFORMATION_FORMAT = dwarf;
				ENABLE_STRICT_OBJC_MSGSEND = YES;
				ENABLE_TESTABILITY = YES;
				GCC_C_LANGUAGE_STANDARD = gnu11;
				GCC_DYNAMIC_NO_PIC = NO;
				GCC_NO_COMMON_BLOCKS = YES;
				GCC_OPTIMIZATION_LEVEL = 0;
				GCC_PREPROCESSOR_DEFINITIONS = (
					"DEBUG=1",
					"$(inherited)",
				);
				GCC_WARN_64_TO_32_BIT_CONVERSION = YES;
				GCC_WARN_ABOUT_RETURN_TYPE = YES_ERROR;
				GCC_WARN_UNDECLARED_SELECTOR = YES;
				GCC_WARN_UNINITIALIZED_AUTOS = YES_AGGRESSIVE;
				GCC_WARN_UNUSED_FUNCTION = YES;
				GCC_WARN_UNUSED_VARIABLE = YES;
				IPHONEOS_DEPLOYMENT_TARGET = 15.4;
				MTL_ENABLE_DEBUG_INFO = INCLUDE_SOURCE;
				MTL_FAST_MATH = YES;
				ONLY_ACTIVE_ARCH = YES;
				SDKROOT = iphoneos;
				SWIFT_ACTIVE_COMPILATION_CONDITIONS = DEBUG;
				SWIFT_OPTIMIZATION_LEVEL = "-Onone";
			};
			name = Debug;
		};
		3842C5162806122F00B40F71 /* Release */ = {
			isa = XCBuildConfiguration;
			buildSettings = {
				ALWAYS_SEARCH_USER_PATHS = NO;
				CLANG_ANALYZER_NONNULL = YES;
				CLANG_ANALYZER_NUMBER_OBJECT_CONVERSION = YES_AGGRESSIVE;
				CLANG_CXX_LANGUAGE_STANDARD = "gnu++17";
				CLANG_ENABLE_MODULES = YES;
				CLANG_ENABLE_OBJC_ARC = YES;
				CLANG_ENABLE_OBJC_WEAK = YES;
				CLANG_WARN_BLOCK_CAPTURE_AUTORELEASING = YES;
				CLANG_WARN_BOOL_CONVERSION = YES;
				CLANG_WARN_COMMA = YES;
				CLANG_WARN_CONSTANT_CONVERSION = YES;
				CLANG_WARN_DEPRECATED_OBJC_IMPLEMENTATIONS = YES;
				CLANG_WARN_DIRECT_OBJC_ISA_USAGE = YES_ERROR;
				CLANG_WARN_DOCUMENTATION_COMMENTS = YES;
				CLANG_WARN_EMPTY_BODY = YES;
				CLANG_WARN_ENUM_CONVERSION = YES;
				CLANG_WARN_INFINITE_RECURSION = YES;
				CLANG_WARN_INT_CONVERSION = YES;
				CLANG_WARN_NON_LITERAL_NULL_CONVERSION = YES;
				CLANG_WARN_OBJC_IMPLICIT_RETAIN_SELF = YES;
				CLANG_WARN_OBJC_LITERAL_CONVERSION = YES;
				CLANG_WARN_OBJC_ROOT_CLASS = YES_ERROR;
				CLANG_WARN_QUOTED_INCLUDE_IN_FRAMEWORK_HEADER = YES;
				CLANG_WARN_RANGE_LOOP_ANALYSIS = YES;
				CLANG_WARN_STRICT_PROTOTYPES = YES;
				CLANG_WARN_SUSPICIOUS_MOVE = YES;
				CLANG_WARN_UNGUARDED_AVAILABILITY = YES_AGGRESSIVE;
				CLANG_WARN_UNREACHABLE_CODE = YES;
				CLANG_WARN__DUPLICATE_METHOD_MATCH = YES;
				COPY_PHASE_STRIP = NO;
				DEBUG_INFORMATION_FORMAT = "dwarf-with-dsym";
				ENABLE_NS_ASSERTIONS = NO;
				ENABLE_STRICT_OBJC_MSGSEND = YES;
				GCC_C_LANGUAGE_STANDARD = gnu11;
				GCC_NO_COMMON_BLOCKS = YES;
				GCC_WARN_64_TO_32_BIT_CONVERSION = YES;
				GCC_WARN_ABOUT_RETURN_TYPE = YES_ERROR;
				GCC_WARN_UNDECLARED_SELECTOR = YES;
				GCC_WARN_UNINITIALIZED_AUTOS = YES_AGGRESSIVE;
				GCC_WARN_UNUSED_FUNCTION = YES;
				GCC_WARN_UNUSED_VARIABLE = YES;
				IPHONEOS_DEPLOYMENT_TARGET = 15.4;
				MTL_ENABLE_DEBUG_INFO = NO;
				MTL_FAST_MATH = YES;
				SDKROOT = iphoneos;
				SWIFT_COMPILATION_MODE = wholemodule;
				SWIFT_OPTIMIZATION_LEVEL = "-O";
				VALIDATE_PRODUCT = YES;
			};
			name = Release;
		};
		3842C5182806122F00B40F71 /* Debug */ = {
			isa = XCBuildConfiguration;
			buildSettings = {
				ASSETCATALOG_COMPILER_APPICON_NAME = AppIcon;
				ASSETCATALOG_COMPILER_GLOBAL_ACCENT_COLOR_NAME = AccentColor;
				CODE_SIGN_STYLE = Automatic;
				CURRENT_PROJECT_VERSION = 1;
				GENERATE_INFOPLIST_FILE = YES;
				INFOPLIST_FILE = "INFO6125-Project2/Info.plist";
				INFOPLIST_KEY_UIApplicationSupportsIndirectInputEvents = YES;
				INFOPLIST_KEY_UILaunchStoryboardName = LaunchScreen;
				INFOPLIST_KEY_UIMainStoryboardFile = Main;
				INFOPLIST_KEY_UISupportedInterfaceOrientations_iPad = "UIInterfaceOrientationPortrait UIInterfaceOrientationPortraitUpsideDown UIInterfaceOrientationLandscapeLeft UIInterfaceOrientationLandscapeRight";
				INFOPLIST_KEY_UISupportedInterfaceOrientations_iPhone = "UIInterfaceOrientationPortrait UIInterfaceOrientationLandscapeLeft UIInterfaceOrientationLandscapeRight";
				LD_RUNPATH_SEARCH_PATHS = (
					"$(inherited)",
					"@executable_path/Frameworks",
				);
				MARKETING_VERSION = 1.0;
				PRODUCT_BUNDLE_IDENTIFIER = "com.example.krunalshah.INFO6125-Project2";
				PRODUCT_NAME = "$(TARGET_NAME)";
				SWIFT_EMIT_LOC_STRINGS = YES;
				SWIFT_VERSION = 5.0;
				TARGETED_DEVICE_FAMILY = "1,2";
			};
			name = Debug;
		};
		3842C5192806122F00B40F71 /* Release */ = {
			isa = XCBuildConfiguration;
			buildSettings = {
				ASSETCATALOG_COMPILER_APPICON_NAME = AppIcon;
				ASSETCATALOG_COMPILER_GLOBAL_ACCENT_COLOR_NAME = AccentColor;
				CODE_SIGN_STYLE = Automatic;
				CURRENT_PROJECT_VERSION = 1;
				GENERATE_INFOPLIST_FILE = YES;
				INFOPLIST_FILE = "INFO6125-Project2/Info.plist";
				INFOPLIST_KEY_UIApplicationSupportsIndirectInputEvents = YES;
				INFOPLIST_KEY_UILaunchStoryboardName = LaunchScreen;
				INFOPLIST_KEY_UIMainStoryboardFile = Main;
				INFOPLIST_KEY_UISupportedInterfaceOrientations_iPad = "UIInterfaceOrientationPortrait UIInterfaceOrientationPortraitUpsideDown UIInterfaceOrientationLandscapeLeft UIInterfaceOrientationLandscapeRight";
				INFOPLIST_KEY_UISupportedInterfaceOrientations_iPhone = "UIInterfaceOrientationPortrait UIInterfaceOrientationLandscapeLeft UIInterfaceOrientationLandscapeRight";
				LD_RUNPATH_SEARCH_PATHS = (
					"$(inherited)",
					"@executable_path/Frameworks",
				);
				MARKETING_VERSION = 1.0;
				PRODUCT_BUNDLE_IDENTIFIER = "com.example.krunalshah.INFO6125-Project2";
				PRODUCT_NAME = "$(TARGET_NAME)";
				SWIFT_EMIT_LOC_STRINGS = YES;
				SWIFT_VERSION = 5.0;
				TARGETED_DEVICE_FAMILY = "1,2";
			};
			name = Release;
		};
/* End XCBuildConfiguration section */

/* Begin XCConfigurationList section */
		3842C4FE2806122B00B40F71 /* Build configuration list for PBXProject "INFO6125-Project2" */ = {
			isa = XCConfigurationList;
			buildConfigurations = (
				3842C5152806122F00B40F71 /* Debug */,
				3842C5162806122F00B40F71 /* Release */,
			);
			defaultConfigurationIsVisible = 0;
			defaultConfigurationName = Release;
		};
		3842C5172806122F00B40F71 /* Build configuration list for PBXNativeTarget "INFO6125-Project2" */ = {
			isa = XCConfigurationList;
			buildConfigurations = (
				3842C5182806122F00B40F71 /* Debug */,
				3842C5192806122F00B40F71 /* Release */,
			);
			defaultConfigurationIsVisible = 0;
			defaultConfigurationName = Release;
		};
/* End XCConfigurationList section */

/* Begin XCRemoteSwiftPackageReference section */
		38783148280ACC4B00D6753E /* XCRemoteSwiftPackageReference "firebase-ios-sdk" */ = {
			isa = XCRemoteSwiftPackageReference;
			repositoryURL = "https://github.com/firebase/firebase-ios-sdk";
			requirement = {
				branch = master;
				kind = branch;
			};
		};
		38783155280AE94C00D6753E /* XCRemoteSwiftPackageReference "LocationPicker" */ = {
			isa = XCRemoteSwiftPackageReference;
			repositoryURL = "https://github.com/almassapargali/LocationPicker.git";
			requirement = {
				kind = upToNextMajorVersion;
				minimumVersion = 1.0.0;
			};
		};
/* End XCRemoteSwiftPackageReference section */

/* Begin XCSwiftPackageProductDependency section */
		38783149280ACC4B00D6753E /* FirebaseAuth */ = {
			isa = XCSwiftPackageProductDependency;
			package = 38783148280ACC4B00D6753E /* XCRemoteSwiftPackageReference "firebase-ios-sdk" */;
			productName = FirebaseAuth;
		};
		3878314B280ACC4B00D6753E /* FirebaseDatabase */ = {
			isa = XCSwiftPackageProductDependency;
			package = 38783148280ACC4B00D6753E /* XCRemoteSwiftPackageReference "firebase-ios-sdk" */;
			productName = FirebaseDatabase;
		};
		3878314D280ACC4B00D6753E /* FirebaseFirestore */ = {
			isa = XCSwiftPackageProductDependency;
			package = 38783148280ACC4B00D6753E /* XCRemoteSwiftPackageReference "firebase-ios-sdk" */;
			productName = FirebaseFirestore;
		};
		3878314F280ACC4B00D6753E /* FirebaseStorage */ = {
			isa = XCSwiftPackageProductDependency;
			package = 38783148280ACC4B00D6753E /* XCRemoteSwiftPackageReference "firebase-ios-sdk" */;
			productName = FirebaseStorage;
		};
		38783156280AE94C00D6753E /* LocationPicker */ = {
			isa = XCSwiftPackageProductDependency;
			package = 38783155280AE94C00D6753E /* XCRemoteSwiftPackageReference "LocationPicker" */;
			productName = LocationPicker;
		};
/* End XCSwiftPackageProductDependency section */
	};
	rootObject = 3842C4FB2806122B00B40F71 /* Project object */;
}
